
Microsoft Visual Studio Solution File, Format Version 12.00
# Visual Studio Version 16
VisualStudioVersion = 16.0.31424.327
MinimumVisualStudioVersion = 10.0.40219.1
Project("{FAE04EC0-301F-11D3-BF4B-00C04F79EFBC}") = "form", "form\form.csproj", "{FA088F62-7A4D-48B9-AF7D-2ABE599BA094}"
EndProject
Global
	GlobalSection(SolutionConfigurationPlatforms) = preSolution
		Debug|Any CPU = Debug|Any CPU
		Release|Any CPU = Release|Any CPU
	EndGlobalSection
	GlobalSection(ProjectConfigurationPlatforms) = postSolution
		{FA088F62-7A4D-48B9-AF7D-2ABE599BA094}.Debug|Any CPU.ActiveCfg = Debug|Any CPU
		{FA088F62-7A4D-48B9-AF7D-2ABE599BA094}.Debug|Any CPU.Build.0 = Debug|Any CPU
		{FA088F62-7A4D-48B9-AF7D-2ABE599BA094}.Release|Any CPU.ActiveCfg = Release|Any CPU
		{FA088F62-7A4D-48B9-AF7D-2ABE599BA094}.Release|Any CPU.Build.0 = Release|Any CPU
	EndGlobalSection
	GlobalSection(SolutionProperties) = preSolution
		HideSolutionNode = FALSE
	EndGlobalSection
	GlobalSection(ExtensibilityGlobals) = postSolution
		SolutionGuid = {65A8CC54-EC94-4096-8603-D0BA518C54C8}
	EndGlobalSection
EndGlobal
